
Microsoft Visual Studio Solution File, Format Version 12.00
# Visual Studio 15
VisualStudioVersion = 15.0.28307.572
MinimumVisualStudioVersion = 10.0.40219.1
Project("{FAE04EC0-301F-11D3-BF4B-00C04F79EFBC}") = "03.OldestFamilyMember", "03.OldestFamilyMember\03.OldestFamilyMember.csproj", "{ED80CBFE-1F22-473B-8CC3-7549972FCBCC}"
EndProject
Global
	GlobalSection(SolutionConfigurationPlatforms) = preSolution
		Debug|Any CPU = Debug|Any CPU
		Release|Any CPU = Release|Any CPU
	EndGlobalSection
	GlobalSection(ProjectConfigurationPlatforms) = postSolution
		{ED80CBFE-1F22-473B-8CC3-7549972FCBCC}.Debug|Any CPU.ActiveCfg = Debug|Any CPU
		{ED80CBFE-1F22-473B-8CC3-7549972FCBCC}.Debug|Any CPU.Build.0 = Debug|Any CPU
		{ED80CBFE-1F22-473B-8CC3-7549972FCBCC}.Release|Any CPU.ActiveCfg = Release|Any CPU
		{ED80CBFE-1F22-473B-8CC3-7549972FCBCC}.Release|Any CPU.Build.0 = Release|Any CPU
	EndGlobalSection
	GlobalSection(SolutionProperties) = preSolution
		HideSolutionNode = FALSE
	EndGlobalSection
	GlobalSection(ExtensibilityGlobals) = postSolution
		SolutionGuid = {7E12CA08-D3FE-45AF-860A-B125B5995EB5}
	EndGlobalSection
EndGlobal
