
Microsoft Visual Studio Solution File, Format Version 12.00
# Visual Studio 15
VisualStudioVersion = 15.0.28307.572
MinimumVisualStudioVersion = 10.0.40219.1
Project("{FAE04EC0-301F-11D3-BF4B-00C04F79EFBC}") = "05.DateModifier", "05.DateModifier\05.DateModifier.csproj", "{183F34DE-3BA9-4BDC-8C0E-B9982C278A4A}"
EndProject
Global
	GlobalSection(SolutionConfigurationPlatforms) = preSolution
		Debug|Any CPU = Debug|Any CPU
		Release|Any CPU = Release|Any CPU
	EndGlobalSection
	GlobalSection(ProjectConfigurationPlatforms) = postSolution
		{183F34DE-3BA9-4BDC-8C0E-B9982C278A4A}.Debug|Any CPU.ActiveCfg = Debug|Any CPU
		{183F34DE-3BA9-4BDC-8C0E-B9982C278A4A}.Debug|Any CPU.Build.0 = Debug|Any CPU
		{183F34DE-3BA9-4BDC-8C0E-B9982C278A4A}.Release|Any CPU.ActiveCfg = Release|Any CPU
		{183F34DE-3BA9-4BDC-8C0E-B9982C278A4A}.Release|Any CPU.Build.0 = Release|Any CPU
	EndGlobalSection
	GlobalSection(SolutionProperties) = preSolution
		HideSolutionNode = FALSE
	EndGlobalSection
	GlobalSection(ExtensibilityGlobals) = postSolution
		SolutionGuid = {ACF29165-83BF-4BC0-9D57-F87FE589883C}
	EndGlobalSection
EndGlobal
