
Microsoft Visual Studio Solution File, Format Version 12.00
# Visual Studio 15
VisualStudioVersion = 15.0.27130.2024
MinimumVisualStudioVersion = 10.0.40219.1
Project("{9A19103F-16F7-4668-BE54-9A1E7A4F7556}") = "CarDealer", "CarDealer\CarDealer.csproj", "{EBED2A5B-1054-4AEE-ABDB-47B12C467423}"
EndProject
Project("{9A19103F-16F7-4668-BE54-9A1E7A4F7556}") = "CarDealer.Data", "CarDealer.Data\CarDealer.Data.csproj", "{9BEA0857-C2B0-4BD0-BE60-3240B71F5681}"
EndProject
Project("{FAE04EC0-301F-11D3-BF4B-00C04F79EFBC}") = "CarDealer.Model", "CarDealer.Model\CarDealer.Model.csproj", "{03ACD589-2F0C-4430-A781-B021926E217C}"
EndProject
Global
	GlobalSection(SolutionConfigurationPlatforms) = preSolution
		Debug|Any CPU = Debug|Any CPU
		Release|Any CPU = Release|Any CPU
	EndGlobalSection
	GlobalSection(ProjectConfigurationPlatforms) = postSolution
		{EBED2A5B-1054-4AEE-ABDB-47B12C467423}.Debug|Any CPU.ActiveCfg = Debug|Any CPU
		{EBED2A5B-1054-4AEE-ABDB-47B12C467423}.Debug|Any CPU.Build.0 = Debug|Any CPU
		{EBED2A5B-1054-4AEE-ABDB-47B12C467423}.Release|Any CPU.ActiveCfg = Release|Any CPU
		{EBED2A5B-1054-4AEE-ABDB-47B12C467423}.Release|Any CPU.Build.0 = Release|Any CPU
		{9BEA0857-C2B0-4BD0-BE60-3240B71F5681}.Debug|Any CPU.ActiveCfg = Debug|Any CPU
		{9BEA0857-C2B0-4BD0-BE60-3240B71F5681}.Debug|Any CPU.Build.0 = Debug|Any CPU
		{9BEA0857-C2B0-4BD0-BE60-3240B71F5681}.Release|Any CPU.ActiveCfg = Release|Any CPU
		{9BEA0857-C2B0-4BD0-BE60-3240B71F5681}.Release|Any CPU.Build.0 = Release|Any CPU
		{03ACD589-2F0C-4430-A781-B021926E217C}.Debug|Any CPU.ActiveCfg = Debug|Any CPU
		{03ACD589-2F0C-4430-A781-B021926E217C}.Debug|Any CPU.Build.0 = Debug|Any CPU
		{03ACD589-2F0C-4430-A781-B021926E217C}.Release|Any CPU.ActiveCfg = Release|Any CPU
		{03ACD589-2F0C-4430-A781-B021926E217C}.Release|Any CPU.Build.0 = Release|Any CPU
	EndGlobalSection
	GlobalSection(SolutionProperties) = preSolution
		HideSolutionNode = FALSE
	EndGlobalSection
	GlobalSection(ExtensibilityGlobals) = postSolution
		SolutionGuid = {E81C9963-6FCA-4E9D-A15F-F178D386B596}
	EndGlobalSection
EndGlobal
