
Microsoft Visual Studio Solution File, Format Version 12.00
# Visual Studio 14
VisualStudioVersion = 14.0.25420.1
MinimumVisualStudioVersion = 10.0.40219.1
Project("{FAE04EC0-301F-11D3-BF4B-00C04F79EFBC}") = "01.Practice Integers", "01.Practice Integers\01.Practice Integers.csproj", "{60A14B11-141C-4FF0-B695-3CED3A2DE4A4}"
EndProject
Project("{FAE04EC0-301F-11D3-BF4B-00C04F79EFBC}") = "02.PracticeFloatingPoints", "02.PracticeFloatingPoints\02.PracticeFloatingPoints.csproj", "{07958511-6C79-4AF0-867F-BEBB0931B954}"
EndProject
Project("{FAE04EC0-301F-11D3-BF4B-00C04F79EFBC}") = "03.PracticeCharactersAndStrings", "03.PracticeCharactersAndStrings\03.PracticeCharactersAndStrings.csproj", "{E8ADB4AB-1BE9-41EF-88C5-2DCD1DB906D3}"
EndProject
Project("{FAE04EC0-301F-11D3-BF4B-00C04F79EFBC}") = "04.VariableInHexFormat", "04.VariableInHexFormat\04.VariableInHexFormat.csproj", "{6592FA93-7EFC-479E-849F-47A90FE54B8B}"
EndProject
Project("{FAE04EC0-301F-11D3-BF4B-00C04F79EFBC}") = "05.BooleanVariable", "05.BooleanVariable\05.BooleanVariable.csproj", "{C79643AF-469F-408F-A8CE-38E5FEDA253C}"
EndProject
Project("{FAE04EC0-301F-11D3-BF4B-00C04F79EFBC}") = "06.StringsAndObjects", "06.StringsAndObjects\06.StringsAndObjects.csproj", "{2DCACF8E-8B86-4667-9E62-E4F9BBB30034}"
EndProject
Project("{FAE04EC0-301F-11D3-BF4B-00C04F79EFBC}") = "07.ExchangeVariableValues", "07.ExchangeVariableValues\07.ExchangeVariableValues.csproj", "{C9441903-8334-4E7E-9198-84314D921998}"
EndProject
Project("{FAE04EC0-301F-11D3-BF4B-00C04F79EFBC}") = "08.EmployeeData", "08.EmployeeData\08.EmployeeData.csproj", "{892C1BC7-AEDB-47CD-BD11-A46EE80C923D}"
EndProject
Project("{FAE04EC0-301F-11D3-BF4B-00C04F79EFBC}") = "09.ReversedChars", "09.ReversedChars\09.ReversedChars.csproj", "{0A93849F-13B2-4C33-A82E-3FAA52430698}"
EndProject
Project("{FAE04EC0-301F-11D3-BF4B-00C04F79EFBC}") = "10.CenturiesToNanoseconds", "10.CenturiesToNanoseconds\10.CenturiesToNanoseconds.csproj", "{7FCA6829-4313-4F8A-9A19-508E9F9E40B0}"
EndProject
Project("{FAE04EC0-301F-11D3-BF4B-00C04F79EFBC}") = "11.ConvertSpeedUnits", "11.ConvertSpeedUnits\11.ConvertSpeedUnits.csproj", "{A97EDE76-5E60-48BF-A665-A8B4EE92A94D}"
EndProject
Project("{FAE04EC0-301F-11D3-BF4B-00C04F79EFBC}") = "12.RectangleProperties", "12.RectangleProperties\12.RectangleProperties.csproj", "{F569725E-2514-4D86-8963-581230F40F15}"
EndProject
Project("{FAE04EC0-301F-11D3-BF4B-00C04F79EFBC}") = "13.VowelOrDigit", "13.VowelOrDigit\13.VowelOrDigit.csproj", "{116F287F-73D5-4EC9-82FB-27CB6AEB4995}"
EndProject
Project("{FAE04EC0-301F-11D3-BF4B-00C04F79EFBC}") = "14.IntegerToHexAndBinary", "14.IntegerToHexAndBinary\14.IntegerToHexAndBinary.csproj", "{27218A94-B0B1-4A69-9810-D914BD620254}"
EndProject
Project("{FAE04EC0-301F-11D3-BF4B-00C04F79EFBC}") = "15.FastPrimeChecker", "15.FastPrimeChecker\15.FastPrimeChecker.csproj", "{31D14574-6BA4-4BDC-B5FE-B26E002B64A1}"
EndProject
Project("{FAE04EC0-301F-11D3-BF4B-00C04F79EFBC}") = "16.ComparingFloats", "16.ComparingFloats\16.ComparingFloats.csproj", "{A7DEE8C8-43CA-4A3B-AF45-45D25DF6895D}"
EndProject
Project("{FAE04EC0-301F-11D3-BF4B-00C04F79EFBC}") = "17.PrintPartASCIITable", "17.PrintPartASCIITable\17.PrintPartASCIITable.csproj", "{DA1AAA6A-8BE9-4EB2-92C1-784611CD538B}"
EndProject
Project("{FAE04EC0-301F-11D3-BF4B-00C04F79EFBC}") = "18.DifferentIntegersSize", "18.DifferentIntegersSize\18.DifferentIntegersSize.csproj", "{8A422E17-A449-4D2C-8003-CBCF745BDA56}"
EndProject
Project("{FAE04EC0-301F-11D3-BF4B-00C04F79EFBC}") = "19.TheaThePhotographer", "19.TheaThePhotographer\19.TheaThePhotographer.csproj", "{CBF3DA91-6521-416C-817E-4072B4246976}"
EndProject
Global
	GlobalSection(SolutionConfigurationPlatforms) = preSolution
		Debug|Any CPU = Debug|Any CPU
		Release|Any CPU = Release|Any CPU
	EndGlobalSection
	GlobalSection(ProjectConfigurationPlatforms) = postSolution
		{60A14B11-141C-4FF0-B695-3CED3A2DE4A4}.Debug|Any CPU.ActiveCfg = Debug|Any CPU
		{60A14B11-141C-4FF0-B695-3CED3A2DE4A4}.Debug|Any CPU.Build.0 = Debug|Any CPU
		{60A14B11-141C-4FF0-B695-3CED3A2DE4A4}.Release|Any CPU.ActiveCfg = Release|Any CPU
		{60A14B11-141C-4FF0-B695-3CED3A2DE4A4}.Release|Any CPU.Build.0 = Release|Any CPU
		{07958511-6C79-4AF0-867F-BEBB0931B954}.Debug|Any CPU.ActiveCfg = Debug|Any CPU
		{07958511-6C79-4AF0-867F-BEBB0931B954}.Debug|Any CPU.Build.0 = Debug|Any CPU
		{07958511-6C79-4AF0-867F-BEBB0931B954}.Release|Any CPU.ActiveCfg = Release|Any CPU
		{07958511-6C79-4AF0-867F-BEBB0931B954}.Release|Any CPU.Build.0 = Release|Any CPU
		{E8ADB4AB-1BE9-41EF-88C5-2DCD1DB906D3}.Debug|Any CPU.ActiveCfg = Debug|Any CPU
		{E8ADB4AB-1BE9-41EF-88C5-2DCD1DB906D3}.Debug|Any CPU.Build.0 = Debug|Any CPU
		{E8ADB4AB-1BE9-41EF-88C5-2DCD1DB906D3}.Release|Any CPU.ActiveCfg = Release|Any CPU
		{E8ADB4AB-1BE9-41EF-88C5-2DCD1DB906D3}.Release|Any CPU.Build.0 = Release|Any CPU
		{6592FA93-7EFC-479E-849F-47A90FE54B8B}.Debug|Any CPU.ActiveCfg = Debug|Any CPU
		{6592FA93-7EFC-479E-849F-47A90FE54B8B}.Debug|Any CPU.Build.0 = Debug|Any CPU
		{6592FA93-7EFC-479E-849F-47A90FE54B8B}.Release|Any CPU.ActiveCfg = Release|Any CPU
		{6592FA93-7EFC-479E-849F-47A90FE54B8B}.Release|Any CPU.Build.0 = Release|Any CPU
		{C79643AF-469F-408F-A8CE-38E5FEDA253C}.Debug|Any CPU.ActiveCfg = Debug|Any CPU
		{C79643AF-469F-408F-A8CE-38E5FEDA253C}.Debug|Any CPU.Build.0 = Debug|Any CPU
		{C79643AF-469F-408F-A8CE-38E5FEDA253C}.Release|Any CPU.ActiveCfg = Release|Any CPU
		{C79643AF-469F-408F-A8CE-38E5FEDA253C}.Release|Any CPU.Build.0 = Release|Any CPU
		{2DCACF8E-8B86-4667-9E62-E4F9BBB30034}.Debug|Any CPU.ActiveCfg = Debug|Any CPU
		{2DCACF8E-8B86-4667-9E62-E4F9BBB30034}.Debug|Any CPU.Build.0 = Debug|Any CPU
		{2DCACF8E-8B86-4667-9E62-E4F9BBB30034}.Release|Any CPU.ActiveCfg = Release|Any CPU
		{2DCACF8E-8B86-4667-9E62-E4F9BBB30034}.Release|Any CPU.Build.0 = Release|Any CPU
		{C9441903-8334-4E7E-9198-84314D921998}.Debug|Any CPU.ActiveCfg = Debug|Any CPU
		{C9441903-8334-4E7E-9198-84314D921998}.Debug|Any CPU.Build.0 = Debug|Any CPU
		{C9441903-8334-4E7E-9198-84314D921998}.Release|Any CPU.ActiveCfg = Release|Any CPU
		{C9441903-8334-4E7E-9198-84314D921998}.Release|Any CPU.Build.0 = Release|Any CPU
		{892C1BC7-AEDB-47CD-BD11-A46EE80C923D}.Debug|Any CPU.ActiveCfg = Debug|Any CPU
		{892C1BC7-AEDB-47CD-BD11-A46EE80C923D}.Debug|Any CPU.Build.0 = Debug|Any CPU
		{892C1BC7-AEDB-47CD-BD11-A46EE80C923D}.Release|Any CPU.ActiveCfg = Release|Any CPU
		{892C1BC7-AEDB-47CD-BD11-A46EE80C923D}.Release|Any CPU.Build.0 = Release|Any CPU
		{0A93849F-13B2-4C33-A82E-3FAA52430698}.Debug|Any CPU.ActiveCfg = Debug|Any CPU
		{0A93849F-13B2-4C33-A82E-3FAA52430698}.Debug|Any CPU.Build.0 = Debug|Any CPU
		{0A93849F-13B2-4C33-A82E-3FAA52430698}.Release|Any CPU.ActiveCfg = Release|Any CPU
		{0A93849F-13B2-4C33-A82E-3FAA52430698}.Release|Any CPU.Build.0 = Release|Any CPU
		{7FCA6829-4313-4F8A-9A19-508E9F9E40B0}.Debug|Any CPU.ActiveCfg = Debug|Any CPU
		{7FCA6829-4313-4F8A-9A19-508E9F9E40B0}.Debug|Any CPU.Build.0 = Debug|Any CPU
		{7FCA6829-4313-4F8A-9A19-508E9F9E40B0}.Release|Any CPU.ActiveCfg = Release|Any CPU
		{7FCA6829-4313-4F8A-9A19-508E9F9E40B0}.Release|Any CPU.Build.0 = Release|Any CPU
		{A97EDE76-5E60-48BF-A665-A8B4EE92A94D}.Debug|Any CPU.ActiveCfg = Debug|Any CPU
		{A97EDE76-5E60-48BF-A665-A8B4EE92A94D}.Debug|Any CPU.Build.0 = Debug|Any CPU
		{A97EDE76-5E60-48BF-A665-A8B4EE92A94D}.Release|Any CPU.ActiveCfg = Release|Any CPU
		{A97EDE76-5E60-48BF-A665-A8B4EE92A94D}.Release|Any CPU.Build.0 = Release|Any CPU
		{F569725E-2514-4D86-8963-581230F40F15}.Debug|Any CPU.ActiveCfg = Debug|Any CPU
		{F569725E-2514-4D86-8963-581230F40F15}.Debug|Any CPU.Build.0 = Debug|Any CPU
		{F569725E-2514-4D86-8963-581230F40F15}.Release|Any CPU.ActiveCfg = Release|Any CPU
		{F569725E-2514-4D86-8963-581230F40F15}.Release|Any CPU.Build.0 = Release|Any CPU
		{116F287F-73D5-4EC9-82FB-27CB6AEB4995}.Debug|Any CPU.ActiveCfg = Debug|Any CPU
		{116F287F-73D5-4EC9-82FB-27CB6AEB4995}.Debug|Any CPU.Build.0 = Debug|Any CPU
		{116F287F-73D5-4EC9-82FB-27CB6AEB4995}.Release|Any CPU.ActiveCfg = Release|Any CPU
		{116F287F-73D5-4EC9-82FB-27CB6AEB4995}.Release|Any CPU.Build.0 = Release|Any CPU
		{27218A94-B0B1-4A69-9810-D914BD620254}.Debug|Any CPU.ActiveCfg = Debug|Any CPU
		{27218A94-B0B1-4A69-9810-D914BD620254}.Debug|Any CPU.Build.0 = Debug|Any CPU
		{27218A94-B0B1-4A69-9810-D914BD620254}.Release|Any CPU.ActiveCfg = Release|Any CPU
		{27218A94-B0B1-4A69-9810-D914BD620254}.Release|Any CPU.Build.0 = Release|Any CPU
		{31D14574-6BA4-4BDC-B5FE-B26E002B64A1}.Debug|Any CPU.ActiveCfg = Debug|Any CPU
		{31D14574-6BA4-4BDC-B5FE-B26E002B64A1}.Debug|Any CPU.Build.0 = Debug|Any CPU
		{31D14574-6BA4-4BDC-B5FE-B26E002B64A1}.Release|Any CPU.ActiveCfg = Release|Any CPU
		{31D14574-6BA4-4BDC-B5FE-B26E002B64A1}.Release|Any CPU.Build.0 = Release|Any CPU
		{A7DEE8C8-43CA-4A3B-AF45-45D25DF6895D}.Debug|Any CPU.ActiveCfg = Debug|Any CPU
		{A7DEE8C8-43CA-4A3B-AF45-45D25DF6895D}.Debug|Any CPU.Build.0 = Debug|Any CPU
		{A7DEE8C8-43CA-4A3B-AF45-45D25DF6895D}.Release|Any CPU.ActiveCfg = Release|Any CPU
		{A7DEE8C8-43CA-4A3B-AF45-45D25DF6895D}.Release|Any CPU.Build.0 = Release|Any CPU
		{DA1AAA6A-8BE9-4EB2-92C1-784611CD538B}.Debug|Any CPU.ActiveCfg = Debug|Any CPU
		{DA1AAA6A-8BE9-4EB2-92C1-784611CD538B}.Debug|Any CPU.Build.0 = Debug|Any CPU
		{DA1AAA6A-8BE9-4EB2-92C1-784611CD538B}.Release|Any CPU.ActiveCfg = Release|Any CPU
		{DA1AAA6A-8BE9-4EB2-92C1-784611CD538B}.Release|Any CPU.Build.0 = Release|Any CPU
		{8A422E17-A449-4D2C-8003-CBCF745BDA56}.Debug|Any CPU.ActiveCfg = Debug|Any CPU
		{8A422E17-A449-4D2C-8003-CBCF745BDA56}.Debug|Any CPU.Build.0 = Debug|Any CPU
		{8A422E17-A449-4D2C-8003-CBCF745BDA56}.Release|Any CPU.ActiveCfg = Release|Any CPU
		{8A422E17-A449-4D2C-8003-CBCF745BDA56}.Release|Any CPU.Build.0 = Release|Any CPU
		{CBF3DA91-6521-416C-817E-4072B4246976}.Debug|Any CPU.ActiveCfg = Debug|Any CPU
		{CBF3DA91-6521-416C-817E-4072B4246976}.Debug|Any CPU.Build.0 = Debug|Any CPU
		{CBF3DA91-6521-416C-817E-4072B4246976}.Release|Any CPU.ActiveCfg = Release|Any CPU
		{CBF3DA91-6521-416C-817E-4072B4246976}.Release|Any CPU.Build.0 = Release|Any CPU
	EndGlobalSection
	GlobalSection(SolutionProperties) = preSolution
		HideSolutionNode = FALSE
	EndGlobalSection
EndGlobal
