
Microsoft Visual Studio Solution File, Format Version 12.00
# Visual Studio 15
VisualStudioVersion = 15.0.28307.136
MinimumVisualStudioVersion = 10.0.40219.1
Project("{FAE04EC0-301F-11D3-BF4B-00C04F79EFBC}") = "03. Maximal Sum", "03. Maximal Sum\03. Maximal Sum.csproj", "{B48E6BEC-965C-42EF-985F-CC5CD8BC172F}"
EndProject
Project("{FAE04EC0-301F-11D3-BF4B-00C04F79EFBC}") = "02. Squares in Matrix", "02. Squares in Matrix\02. Squares in Matrix.csproj", "{16BDBC1D-17C1-49B7-82BA-7E5DB47B2A9C}"
EndProject
Project("{FAE04EC0-301F-11D3-BF4B-00C04F79EFBC}") = "04. Matrix Shuffling", "04. Matrix Shuffling\04. Matrix Shuffling.csproj", "{14E033B5-AC0A-440C-82F5-BFF1E7739DD9}"
EndProject
Project("{FAE04EC0-301F-11D3-BF4B-00C04F79EFBC}") = "05. Snake Moves", "05. Snake Moves\05. Snake Moves.csproj", "{5EBA6D19-6985-472D-8A32-949B5EC9579F}"
EndProject
Project("{FAE04EC0-301F-11D3-BF4B-00C04F79EFBC}") = "06. Bomb the Basement", "06. Bomb the Basement\06. Bomb the Basement.csproj", "{06011BC5-D234-453A-A279-DD9D0FF94A1A}"
EndProject
Project("{FAE04EC0-301F-11D3-BF4B-00C04F79EFBC}") = "07. Knight Game", "07. Knight Game\07. Knight Game.csproj", "{921E6B98-28DD-48FC-8CF7-89D06D9AE291}"
EndProject
Project("{FAE04EC0-301F-11D3-BF4B-00C04F79EFBC}") = "01. Diagonal Difference", "01. Diagonal Difference\01. Diagonal Difference.csproj", "{8D99781D-1692-420C-9675-A3B637C282D9}"
EndProject
Global
	GlobalSection(SolutionConfigurationPlatforms) = preSolution
		Debug|Any CPU = Debug|Any CPU
		Release|Any CPU = Release|Any CPU
	EndGlobalSection
	GlobalSection(ProjectConfigurationPlatforms) = postSolution
		{B48E6BEC-965C-42EF-985F-CC5CD8BC172F}.Debug|Any CPU.ActiveCfg = Debug|Any CPU
		{B48E6BEC-965C-42EF-985F-CC5CD8BC172F}.Debug|Any CPU.Build.0 = Debug|Any CPU
		{B48E6BEC-965C-42EF-985F-CC5CD8BC172F}.Release|Any CPU.ActiveCfg = Release|Any CPU
		{B48E6BEC-965C-42EF-985F-CC5CD8BC172F}.Release|Any CPU.Build.0 = Release|Any CPU
		{16BDBC1D-17C1-49B7-82BA-7E5DB47B2A9C}.Debug|Any CPU.ActiveCfg = Debug|Any CPU
		{16BDBC1D-17C1-49B7-82BA-7E5DB47B2A9C}.Debug|Any CPU.Build.0 = Debug|Any CPU
		{16BDBC1D-17C1-49B7-82BA-7E5DB47B2A9C}.Release|Any CPU.ActiveCfg = Release|Any CPU
		{16BDBC1D-17C1-49B7-82BA-7E5DB47B2A9C}.Release|Any CPU.Build.0 = Release|Any CPU
		{14E033B5-AC0A-440C-82F5-BFF1E7739DD9}.Debug|Any CPU.ActiveCfg = Debug|Any CPU
		{14E033B5-AC0A-440C-82F5-BFF1E7739DD9}.Debug|Any CPU.Build.0 = Debug|Any CPU
		{14E033B5-AC0A-440C-82F5-BFF1E7739DD9}.Release|Any CPU.ActiveCfg = Release|Any CPU
		{14E033B5-AC0A-440C-82F5-BFF1E7739DD9}.Release|Any CPU.Build.0 = Release|Any CPU
		{5EBA6D19-6985-472D-8A32-949B5EC9579F}.Debug|Any CPU.ActiveCfg = Debug|Any CPU
		{5EBA6D19-6985-472D-8A32-949B5EC9579F}.Debug|Any CPU.Build.0 = Debug|Any CPU
		{5EBA6D19-6985-472D-8A32-949B5EC9579F}.Release|Any CPU.ActiveCfg = Release|Any CPU
		{5EBA6D19-6985-472D-8A32-949B5EC9579F}.Release|Any CPU.Build.0 = Release|Any CPU
		{06011BC5-D234-453A-A279-DD9D0FF94A1A}.Debug|Any CPU.ActiveCfg = Debug|Any CPU
		{06011BC5-D234-453A-A279-DD9D0FF94A1A}.Debug|Any CPU.Build.0 = Debug|Any CPU
		{06011BC5-D234-453A-A279-DD9D0FF94A1A}.Release|Any CPU.ActiveCfg = Release|Any CPU
		{06011BC5-D234-453A-A279-DD9D0FF94A1A}.Release|Any CPU.Build.0 = Release|Any CPU
		{921E6B98-28DD-48FC-8CF7-89D06D9AE291}.Debug|Any CPU.ActiveCfg = Debug|Any CPU
		{921E6B98-28DD-48FC-8CF7-89D06D9AE291}.Debug|Any CPU.Build.0 = Debug|Any CPU
		{921E6B98-28DD-48FC-8CF7-89D06D9AE291}.Release|Any CPU.ActiveCfg = Release|Any CPU
		{921E6B98-28DD-48FC-8CF7-89D06D9AE291}.Release|Any CPU.Build.0 = Release|Any CPU
		{8D99781D-1692-420C-9675-A3B637C282D9}.Debug|Any CPU.ActiveCfg = Debug|Any CPU
		{8D99781D-1692-420C-9675-A3B637C282D9}.Debug|Any CPU.Build.0 = Debug|Any CPU
		{8D99781D-1692-420C-9675-A3B637C282D9}.Release|Any CPU.ActiveCfg = Release|Any CPU
		{8D99781D-1692-420C-9675-A3B637C282D9}.Release|Any CPU.Build.0 = Release|Any CPU
	EndGlobalSection
	GlobalSection(SolutionProperties) = preSolution
		HideSolutionNode = FALSE
	EndGlobalSection
	GlobalSection(ExtensibilityGlobals) = postSolution
		SolutionGuid = {AA0B543D-F615-4CF5-9B2B-14AAC1731EB5}
	EndGlobalSection
EndGlobal
