
Microsoft Visual Studio Solution File, Format Version 12.00
# Visual Studio 15
VisualStudioVersion = 15.0.27130.2024
MinimumVisualStudioVersion = 10.0.40219.1
Project("{FAE04EC0-301F-11D3-BF4B-00C04F79EFBC}") = "CarDealerJson", "CarDealerJson\CarDealerJson.csproj", "{884C74DE-787B-4F90-8FCB-4C84D6C7652A}"
EndProject
Project("{FAE04EC0-301F-11D3-BF4B-00C04F79EFBC}") = "CarDealerJson.Data", "CarDealerJson.Data\CarDealerJson.Data.csproj", "{5CE4F2FE-1773-46FE-BCA7-CF072D6CA11E}"
EndProject
Project("{FAE04EC0-301F-11D3-BF4B-00C04F79EFBC}") = "CarDealerJson.Model", "CarDealerJson.Model\CarDealerJson.Model.csproj", "{3ACA6628-714F-42F1-AF69-BA226A0B2564}"
EndProject
Global
	GlobalSection(SolutionConfigurationPlatforms) = preSolution
		Debug|Any CPU = Debug|Any CPU
		Release|Any CPU = Release|Any CPU
	EndGlobalSection
	GlobalSection(ProjectConfigurationPlatforms) = postSolution
		{884C74DE-787B-4F90-8FCB-4C84D6C7652A}.Debug|Any CPU.ActiveCfg = Debug|Any CPU
		{884C74DE-787B-4F90-8FCB-4C84D6C7652A}.Debug|Any CPU.Build.0 = Debug|Any CPU
		{884C74DE-787B-4F90-8FCB-4C84D6C7652A}.Release|Any CPU.ActiveCfg = Release|Any CPU
		{884C74DE-787B-4F90-8FCB-4C84D6C7652A}.Release|Any CPU.Build.0 = Release|Any CPU
		{5CE4F2FE-1773-46FE-BCA7-CF072D6CA11E}.Debug|Any CPU.ActiveCfg = Debug|Any CPU
		{5CE4F2FE-1773-46FE-BCA7-CF072D6CA11E}.Debug|Any CPU.Build.0 = Debug|Any CPU
		{5CE4F2FE-1773-46FE-BCA7-CF072D6CA11E}.Release|Any CPU.ActiveCfg = Release|Any CPU
		{5CE4F2FE-1773-46FE-BCA7-CF072D6CA11E}.Release|Any CPU.Build.0 = Release|Any CPU
		{3ACA6628-714F-42F1-AF69-BA226A0B2564}.Debug|Any CPU.ActiveCfg = Debug|Any CPU
		{3ACA6628-714F-42F1-AF69-BA226A0B2564}.Debug|Any CPU.Build.0 = Debug|Any CPU
		{3ACA6628-714F-42F1-AF69-BA226A0B2564}.Release|Any CPU.ActiveCfg = Release|Any CPU
		{3ACA6628-714F-42F1-AF69-BA226A0B2564}.Release|Any CPU.Build.0 = Release|Any CPU
	EndGlobalSection
	GlobalSection(SolutionProperties) = preSolution
		HideSolutionNode = FALSE
	EndGlobalSection
	GlobalSection(ExtensibilityGlobals) = postSolution
		SolutionGuid = {578E0DC5-BDF2-4CF3-8CA1-8E8D6192649A}
	EndGlobalSection
EndGlobal
